
Microsoft Visual Studio Solution File, Format Version 12.00
# Visual Studio Version 16
VisualStudioVersion = 16.0.30011.22
MinimumVisualStudioVersion = 10.0.40219.1
Project("{FAE04EC0-301F-11D3-BF4B-00C04F79EFBC}") = "HyperTheme", "HyperTheme-VisualStudio\HyperTheme.csproj", "{CC664A65-DCE2-487E-B1E7-97D01C3A3B8E}"
EndProject
Global
	GlobalSection(SolutionConfigurationPlatforms) = preSolution
		Debug|Any CPU = Debug|Any CPU
		Release|Any CPU = Release|Any CPU
	EndGlobalSection
	GlobalSection(ProjectConfigurationPlatforms) = postSolution
		{CC664A65-DCE2-487E-B1E7-97D01C3A3B8E}.Debug|Any CPU.ActiveCfg = Debug|Any CPU
		{CC664A65-DCE2-487E-B1E7-97D01C3A3B8E}.Debug|Any CPU.Build.0 = Debug|Any CPU
		{CC664A65-DCE2-487E-B1E7-97D01C3A3B8E}.Release|Any CPU.ActiveCfg = Release|Any CPU
		{CC664A65-DCE2-487E-B1E7-97D01C3A3B8E}.Release|Any CPU.Build.0 = Release|Any CPU
	EndGlobalSection
	GlobalSection(SolutionProperties) = preSolution
		HideSolutionNode = FALSE
	EndGlobalSection
	GlobalSection(ExtensibilityGlobals) = postSolution
		SolutionGuid = {2AD7CF2A-001B-43E0-960F-5DDE35762476}
	EndGlobalSection
EndGlobal
